
Microsoft Visual Studio Solution File, Format Version 12.00
# Visual Studio 2012
Project("{8BC9CEB8-8B4A-11D0-8D11-00A0C91BC942}") = "xindawn-airplay-sdk-example", "xindawn-airplay-sdk-example.vcxproj", "{038BD231-B558-444B-A443-4411C4BE7698}"
EndProject
Global
	GlobalSection(SolutionConfigurationPlatforms) = preSolution
		Debug|Win32 = Debug|Win32
		Release|Win32 = Release|Win32
	EndGlobalSection
	GlobalSection(ProjectConfigurationPlatforms) = postSolution
		{038BD231-B558-444B-A443-4411C4BE7698}.Debug|Win32.ActiveCfg = Debug|Win32
		{038BD231-B558-444B-A443-4411C4BE7698}.Debug|Win32.Build.0 = Debug|Win32
		{038BD231-B558-444B-A443-4411C4BE7698}.Release|Win32.ActiveCfg = Release|Win32
		{038BD231-B558-444B-A443-4411C4BE7698}.Release|Win32.Build.0 = Release|Win32
	EndGlobalSection
	GlobalSection(SolutionProperties) = preSolution
		HideSolutionNode = FALSE
	EndGlobalSection
EndGlobal
